// !$*UTF8*$!
{
	archiveVersion = 1;
	classes = {
	};
	objectVersion = 48;
	objects = {

/* Begin PBXBuildFile section */
		42392CF35CA33E123DAFA19B /* Pods_NibleSoftTask.framework in Frameworks */ = {isa = PBXBuildFile; fileRef = 5794EEF57D4019C21594961F /* Pods_NibleSoftTask.framework */; };
		7F0E50C51F8FC98F00272016 /* Assets.xcassets in Resources */ = {isa = PBXBuildFile; fileRef = 7F0E50C41F8FC98F00272016 /* Assets.xcassets */; };
		7F0E50C71F8FD41100272016 /* HistoryCell.swift in Sources */ = {isa = PBXBuildFile; fileRef = 7F0E50C61F8FD41100272016 /* HistoryCell.swift */; };
		7F9693661F8E830800999220 /* WeatherView.swift in Sources */ = {isa = PBXBuildFile; fileRef = 7F9693651F8E830800999220 /* WeatherView.swift */; };
		7F9693681F8E831A00999220 /* WeatherView.xib in Resources */ = {isa = PBXBuildFile; fileRef = 7F9693671F8E831A00999220 /* WeatherView.xib */; };
		7FA4A34F1F8E365B003EC668 /* AppDelegate.swift in Sources */ = {isa = PBXBuildFile; fileRef = 7FA4A34E1F8E365B003EC668 /* AppDelegate.swift */; };
		7FA4A3541F8E365B003EC668 /* Main.storyboard in Resources */ = {isa = PBXBuildFile; fileRef = 7FA4A3521F8E365B003EC668 /* Main.storyboard */; };
		7FA4A3591F8E365B003EC668 /* LaunchScreen.storyboard in Resources */ = {isa = PBXBuildFile; fileRef = 7FA4A3571F8E365B003EC668 /* LaunchScreen.storyboard */; };
		7FBDA88E1F90EB83008ED154 /* HistoryInfoController.swift in Sources */ = {isa = PBXBuildFile; fileRef = 7FBDA88D1F90EB83008ED154 /* HistoryInfoController.swift */; };
		7FC63F6E1F8E43A700CD6722 /* ParentTabController.swift in Sources */ = {isa = PBXBuildFile; fileRef = 7FC63F6D1F8E43A700CD6722 /* ParentTabController.swift */; };
		7FC63F701F8E441D00CD6722 /* MapViewController.swift in Sources */ = {isa = PBXBuildFile; fileRef = 7FC63F6F1F8E441D00CD6722 /* MapViewController.swift */; };
		7FC63F721F8E444100CD6722 /* SearchHistoryController.swift in Sources */ = {isa = PBXBuildFile; fileRef = 7FC63F711F8E444100CD6722 /* SearchHistoryController.swift */; };
		7FC63F741F8E445700CD6722 /* MapView.storyboard in Resources */ = {isa = PBXBuildFile; fileRef = 7FC63F731F8E445600CD6722 /* MapView.storyboard */; };
		7FC63F761F8E446100CD6722 /* SearchHistory.storyboard in Resources */ = {isa = PBXBuildFile; fileRef = 7FC63F751F8E446100CD6722 /* SearchHistory.storyboard */; };
		7FF1C3A11F8F67FA00A549F9 /* WeatherDataManager.swift in Sources */ = {isa = PBXBuildFile; fileRef = 7FF1C3A01F8F67FA00A549F9 /* WeatherDataManager.swift */; };
		7FF1C3A31F8F725400A549F9 /* WeatherModel.swift in Sources */ = {isa = PBXBuildFile; fileRef = 7FF1C3A21F8F725400A549F9 /* WeatherModel.swift */; };
/* End PBXBuildFile section */

/* Begin PBXFileReference section */
		13D9242499647DBBBB758026 /* Pods-NibleSoftTask.release.xcconfig */ = {isa = PBXFileReference; includeInIndex = 1; lastKnownFileType = text.xcconfig; name = "Pods-NibleSoftTask.release.xcconfig"; path = "Pods/Target Support Files/Pods-NibleSoftTask/Pods-NibleSoftTask.release.xcconfig"; sourceTree = "<group>"; };
		5794EEF57D4019C21594961F /* Pods_NibleSoftTask.framework */ = {isa = PBXFileReference; explicitFileType = wrapper.framework; includeInIndex = 0; path = Pods_NibleSoftTask.framework; sourceTree = BUILT_PRODUCTS_DIR; };
		7686BA1E3789C9A64181B12C /* Pods-NibleSoftTask.debug.xcconfig */ = {isa = PBXFileReference; includeInIndex = 1; lastKnownFileType = text.xcconfig; name = "Pods-NibleSoftTask.debug.xcconfig"; path = "Pods/Target Support Files/Pods-NibleSoftTask/Pods-NibleSoftTask.debug.xcconfig"; sourceTree = "<group>"; };
		7F0E50C41F8FC98F00272016 /* Assets.xcassets */ = {isa = PBXFileReference; lastKnownFileType = folder.assetcatalog; path = Assets.xcassets; sourceTree = "<group>"; };
		7F0E50C61F8FD41100272016 /* HistoryCell.swift */ = {isa = PBXFileReference; lastKnownFileType = sourcecode.swift; path = HistoryCell.swift; sourceTree = "<group>"; };
		7F9693651F8E830800999220 /* WeatherView.swift */ = {isa = PBXFileReference; lastKnownFileType = sourcecode.swift; path = WeatherView.swift; sourceTree = "<group>"; };
		7F9693671F8E831A00999220 /* WeatherView.xib */ = {isa = PBXFileReference; lastKnownFileType = file.xib; path = WeatherView.xib; sourceTree = "<group>"; };
		7FA4A34B1F8E365B003EC668 /* NibleSoftTask.app */ = {isa = PBXFileReference; explicitFileType = wrapper.application; includeInIndex = 0; path = NibleSoftTask.app; sourceTree = BUILT_PRODUCTS_DIR; };
		7FA4A34E1F8E365B003EC668 /* AppDelegate.swift */ = {isa = PBXFileReference; lastKnownFileType = sourcecode.swift; path = AppDelegate.swift; sourceTree = "<group>"; };
		7FA4A3531F8E365B003EC668 /* Base */ = {isa = PBXFileReference; lastKnownFileType = file.storyboard; name = Base; path = Base.lproj/Main.storyboard; sourceTree = "<group>"; };
		7FA4A3581F8E365B003EC668 /* Base */ = {isa = PBXFileReference; lastKnownFileType = file.storyboard; name = Base; path = Base.lproj/LaunchScreen.storyboard; sourceTree = "<group>"; };
		7FA4A35A1F8E365B003EC668 /* Info.plist */ = {isa = PBXFileReference; lastKnownFileType = text.plist.xml; path = Info.plist; sourceTree = "<group>"; };
		7FBDA88D1F90EB83008ED154 /* HistoryInfoController.swift */ = {isa = PBXFileReference; lastKnownFileType = sourcecode.swift; path = HistoryInfoController.swift; sourceTree = "<group>"; };
		7FC63F6D1F8E43A700CD6722 /* ParentTabController.swift */ = {isa = PBXFileReference; lastKnownFileType = sourcecode.swift; path = ParentTabController.swift; sourceTree = "<group>"; };
		7FC63F6F1F8E441D00CD6722 /* MapViewController.swift */ = {isa = PBXFileReference; lastKnownFileType = sourcecode.swift; path = MapViewController.swift; sourceTree = "<group>"; };
		7FC63F711F8E444100CD6722 /* SearchHistoryController.swift */ = {isa = PBXFileReference; lastKnownFileType = sourcecode.swift; path = SearchHistoryController.swift; sourceTree = "<group>"; };
		7FC63F731F8E445600CD6722 /* MapView.storyboard */ = {isa = PBXFileReference; lastKnownFileType = file.storyboard; path = MapView.storyboard; sourceTree = "<group>"; };
		7FC63F751F8E446100CD6722 /* SearchHistory.storyboard */ = {isa = PBXFileReference; lastKnownFileType = file.storyboard; path = SearchHistory.storyboard; sourceTree = "<group>"; };
		7FF1C3A01F8F67FA00A549F9 /* WeatherDataManager.swift */ = {isa = PBXFileReference; lastKnownFileType = sourcecode.swift; path = WeatherDataManager.swift; sourceTree = "<group>"; };
		7FF1C3A21F8F725400A549F9 /* WeatherModel.swift */ = {isa = PBXFileReference; lastKnownFileType = sourcecode.swift; path = WeatherModel.swift; sourceTree = "<group>"; };
/* End PBXFileReference section */

/* Begin PBXFrameworksBuildPhase section */
		7FA4A3481F8E365B003EC668 /* Frameworks */ = {
			isa = PBXFrameworksBuildPhase;
			buildActionMask = 2147483647;
			files = (
				42392CF35CA33E123DAFA19B /* Pods_NibleSoftTask.framework in Frameworks */,
			);
			runOnlyForDeploymentPostprocessing = 0;
		};
/* End PBXFrameworksBuildPhase section */

/* Begin PBXGroup section */
		16A53069FC055BDFCA9FB189 /* Frameworks */ = {
			isa = PBXGroup;
			children = (
				5794EEF57D4019C21594961F /* Pods_NibleSoftTask.framework */,
			);
			name = Frameworks;
			sourceTree = "<group>";
		};
		773F7F8CA97E646D170A134C /* Pods */ = {
			isa = PBXGroup;
			children = (
				7686BA1E3789C9A64181B12C /* Pods-NibleSoftTask.debug.xcconfig */,
				13D9242499647DBBBB758026 /* Pods-NibleSoftTask.release.xcconfig */,
			);
			name = Pods;
			sourceTree = "<group>";
		};
		7F9693691F8E8B5500999220 /* Model */ = {
			isa = PBXGroup;
			children = (
				7FF1C3A21F8F725400A549F9 /* WeatherModel.swift */,
				7FF1C3A01F8F67FA00A549F9 /* WeatherDataManager.swift */,
			);
			path = Model;
			sourceTree = "<group>";
		};
		7FA4A3421F8E365B003EC668 = {
			isa = PBXGroup;
			children = (
				7FA4A34D1F8E365B003EC668 /* NibleSoftTask */,
				7FA4A34C1F8E365B003EC668 /* Products */,
				773F7F8CA97E646D170A134C /* Pods */,
				16A53069FC055BDFCA9FB189 /* Frameworks */,
			);
			sourceTree = "<group>";
		};
		7FA4A34C1F8E365B003EC668 /* Products */ = {
			isa = PBXGroup;
			children = (
				7FA4A34B1F8E365B003EC668 /* NibleSoftTask.app */,
			);
			name = Products;
			sourceTree = "<group>";
		};
		7FA4A34D1F8E365B003EC668 /* NibleSoftTask */ = {
			isa = PBXGroup;
			children = (
				7F9693691F8E8B5500999220 /* Model */,
				7FC63F791F8E48A100CD6722 /* Controllers */,
				7FC63F7A1F8E48AE00CD6722 /* StoryBoards */,
				7FC63F7B1F8E48C000CD6722 /* Supporting files */,
				7FA4A35A1F8E365B003EC668 /* Info.plist */,
			);
			path = NibleSoftTask;
			sourceTree = "<group>";
		};
		7FC63F791F8E48A100CD6722 /* Controllers */ = {
			isa = PBXGroup;
			children = (
				7FC63F6D1F8E43A700CD6722 /* ParentTabController.swift */,
				7FC63F6F1F8E441D00CD6722 /* MapViewController.swift */,
				7FC63F711F8E444100CD6722 /* SearchHistoryController.swift */,
				7F0E50C61F8FD41100272016 /* HistoryCell.swift */,
				7F9693651F8E830800999220 /* WeatherView.swift */,
				7FBDA88D1F90EB83008ED154 /* HistoryInfoController.swift */,
			);
			path = Controllers;
			sourceTree = "<group>";
		};
		7FC63F7A1F8E48AE00CD6722 /* StoryBoards */ = {
			isa = PBXGroup;
			children = (
				7FA4A3521F8E365B003EC668 /* Main.storyboard */,
				7FC63F731F8E445600CD6722 /* MapView.storyboard */,
				7FC63F751F8E446100CD6722 /* SearchHistory.storyboard */,
				7F9693671F8E831A00999220 /* WeatherView.xib */,
			);
			path = StoryBoards;
			sourceTree = "<group>";
		};
		7FC63F7B1F8E48C000CD6722 /* Supporting files */ = {
			isa = PBXGroup;
			children = (
				7FA4A34E1F8E365B003EC668 /* AppDelegate.swift */,
				7FA4A3571F8E365B003EC668 /* LaunchScreen.storyboard */,
				7F0E50C41F8FC98F00272016 /* Assets.xcassets */,
			);
			path = "Supporting files";
			sourceTree = "<group>";
		};
/* End PBXGroup section */

/* Begin PBXNativeTarget section */
		7FA4A34A1F8E365B003EC668 /* NibleSoftTask */ = {
			isa = PBXNativeTarget;
			buildConfigurationList = 7FA4A35D1F8E365B003EC668 /* Build configuration list for PBXNativeTarget "NibleSoftTask" */;
			buildPhases = (
				9BBFBAF97B893CA5B672170F /* [CP] Check Pods Manifest.lock */,
				7FA4A3471F8E365B003EC668 /* Sources */,
				7FA4A3481F8E365B003EC668 /* Frameworks */,
				7FA4A3491F8E365B003EC668 /* Resources */,
				FE434460990607D0245DAF8E /* [CP] Embed Pods Frameworks */,
				44D2EE952DA681D8FC2C4A70 /* [CP] Copy Pods Resources */,
			);
			buildRules = (
			);
			dependencies = (
			);
			name = NibleSoftTask;
			productName = NibleSoftTask;
			productReference = 7FA4A34B1F8E365B003EC668 /* NibleSoftTask.app */;
			productType = "com.apple.product-type.application";
		};
/* End PBXNativeTarget section */

/* Begin PBXProject section */
		7FA4A3431F8E365B003EC668 /* Project object */ = {
			isa = PBXProject;
			attributes = {
				LastSwiftUpdateCheck = 0900;
				LastUpgradeCheck = 0900;
				ORGANIZATIONNAME = "Egor Yanukovich";
				TargetAttributes = {
					7FA4A34A1F8E365B003EC668 = {
						CreatedOnToolsVersion = 9.0;
						ProvisioningStyle = Automatic;
					};
				};
			};
			buildConfigurationList = 7FA4A3461F8E365B003EC668 /* Build configuration list for PBXProject "NibleSoftTask" */;
			compatibilityVersion = "Xcode 8.0";
			developmentRegion = en;
			hasScannedForEncodings = 0;
			knownRegions = (
				en,
				Base,
			);
			mainGroup = 7FA4A3421F8E365B003EC668;
			productRefGroup = 7FA4A34C1F8E365B003EC668 /* Products */;
			projectDirPath = "";
			projectRoot = "";
			targets = (
				7FA4A34A1F8E365B003EC668 /* NibleSoftTask */,
			);
		};
/* End PBXProject section */

/* Begin PBXResourcesBuildPhase section */
		7FA4A3491F8E365B003EC668 /* Resources */ = {
			isa = PBXResourcesBuildPhase;
			buildActionMask = 2147483647;
			files = (
				7FA4A3591F8E365B003EC668 /* LaunchScreen.storyboard in Resources */,
				7FC63F741F8E445700CD6722 /* MapView.storyboard in Resources */,
				7F9693681F8E831A00999220 /* WeatherView.xib in Resources */,
				7FA4A3541F8E365B003EC668 /* Main.storyboard in Resources */,
				7F0E50C51F8FC98F00272016 /* Assets.xcassets in Resources */,
				7FC63F761F8E446100CD6722 /* SearchHistory.storyboard in Resources */,
			);
			runOnlyForDeploymentPostprocessing = 0;
		};
/* End PBXResourcesBuildPhase section */

/* Begin PBXShellScriptBuildPhase section */
		44D2EE952DA681D8FC2C4A70 /* [CP] Copy Pods Resources */ = {
			isa = PBXShellScriptBuildPhase;
			buildActionMask = 2147483647;
			files = (
			);
			inputPaths = (
			);
			name = "[CP] Copy Pods Resources";
			outputPaths = (
			);
			runOnlyForDeploymentPostprocessing = 0;
			shellPath = /bin/sh;
			shellScript = "\"${SRCROOT}/Pods/Target Support Files/Pods-NibleSoftTask/Pods-NibleSoftTask-resources.sh\"\n";
			showEnvVarsInLog = 0;
		};
		9BBFBAF97B893CA5B672170F /* [CP] Check Pods Manifest.lock */ = {
			isa = PBXShellScriptBuildPhase;
			buildActionMask = 2147483647;
			files = (
			);
			inputPaths = (
				"${PODS_PODFILE_DIR_PATH}/Podfile.lock",
				"${PODS_ROOT}/Manifest.lock",
			);
			name = "[CP] Check Pods Manifest.lock";
			outputPaths = (
				"$(DERIVED_FILE_DIR)/Pods-NibleSoftTask-checkManifestLockResult.txt",
			);
			runOnlyForDeploymentPostprocessing = 0;
			shellPath = /bin/sh;
			shellScript = "diff \"${PODS_PODFILE_DIR_PATH}/Podfile.lock\" \"${PODS_ROOT}/Manifest.lock\" > /dev/null\nif [ $? != 0 ] ; then\n    # print error to STDERR\n    echo \"error: The sandbox is not in sync with the Podfile.lock. Run 'pod install' or update your CocoaPods installation.\" >&2\n    exit 1\nfi\n# This output is used by Xcode 'outputs' to avoid re-running this script phase.\necho \"SUCCESS\" > \"${SCRIPT_OUTPUT_FILE_0}\"\n";
			showEnvVarsInLog = 0;
		};
		FE434460990607D0245DAF8E /* [CP] Embed Pods Frameworks */ = {
			isa = PBXShellScriptBuildPhase;
			buildActionMask = 2147483647;
			files = (
			);
			inputPaths = (
				"${SRCROOT}/Pods/Target Support Files/Pods-NibleSoftTask/Pods-NibleSoftTask-frameworks.sh",
				"${BUILT_PRODUCTS_DIR}/Alamofire/Alamofire.framework",
				"${BUILT_PRODUCTS_DIR}/Realm/Realm.framework",
				"${BUILT_PRODUCTS_DIR}/RealmSwift/RealmSwift.framework",
			);
			name = "[CP] Embed Pods Frameworks";
			outputPaths = (
				"${TARGET_BUILD_DIR}/${FRAMEWORKS_FOLDER_PATH}/Alamofire.framework",
				"${TARGET_BUILD_DIR}/${FRAMEWORKS_FOLDER_PATH}/Realm.framework",
				"${TARGET_BUILD_DIR}/${FRAMEWORKS_FOLDER_PATH}/RealmSwift.framework",
			);
			runOnlyForDeploymentPostprocessing = 0;
			shellPath = /bin/sh;
			shellScript = "\"${SRCROOT}/Pods/Target Support Files/Pods-NibleSoftTask/Pods-NibleSoftTask-frameworks.sh\"\n";
			showEnvVarsInLog = 0;
		};
/* End PBXShellScriptBuildPhase section */

/* Begin PBXSourcesBuildPhase section */
		7FA4A3471F8E365B003EC668 /* Sources */ = {
			isa = PBXSourcesBuildPhase;
			buildActionMask = 2147483647;
			files = (
				7F9693661F8E830800999220 /* WeatherView.swift in Sources */,
				7FF1C3A11F8F67FA00A549F9 /* WeatherDataManager.swift in Sources */,
				7FC63F721F8E444100CD6722 /* SearchHistoryController.swift in Sources */,
				7FF1C3A31F8F725400A549F9 /* WeatherModel.swift in Sources */,
				7FA4A34F1F8E365B003EC668 /* AppDelegate.swift in Sources */,
				7FBDA88E1F90EB83008ED154 /* HistoryInfoController.swift in Sources */,
				7FC63F701F8E441D00CD6722 /* MapViewController.swift in Sources */,
				7F0E50C71F8FD41100272016 /* HistoryCell.swift in Sources */,
				7FC63F6E1F8E43A700CD6722 /* ParentTabController.swift in Sources */,
			);
			runOnlyForDeploymentPostprocessing = 0;
		};
/* End PBXSourcesBuildPhase section */

/* Begin PBXVariantGroup section */
		7FA4A3521F8E365B003EC668 /* Main.storyboard */ = {
			isa = PBXVariantGroup;
			children = (
				7FA4A3531F8E365B003EC668 /* Base */,
			);
			name = Main.storyboard;
			sourceTree = "<group>";
		};
		7FA4A3571F8E365B003EC668 /* LaunchScreen.storyboard */ = {
			isa = PBXVariantGroup;
			children = (
				7FA4A3581F8E365B003EC668 /* Base */,
			);
			name = LaunchScreen.storyboard;
			sourceTree = "<group>";
		};
/* End PBXVariantGroup section */

/* Begin XCBuildConfiguration section */
		7FA4A35B1F8E365B003EC668 /* Debug */ = {
			isa = XCBuildConfiguration;
			buildSettings = {
				ALWAYS_SEARCH_USER_PATHS = NO;
				CLANG_ANALYZER_NONNULL = YES;
				CLANG_ANALYZER_NUMBER_OBJECT_CONVERSION = YES_AGGRESSIVE;
				CLANG_CXX_LANGUAGE_STANDARD = "gnu++14";
				CLANG_CXX_LIBRARY = "libc++";
				CLANG_ENABLE_MODULES = YES;
				CLANG_ENABLE_OBJC_ARC = YES;
				CLANG_WARN_BLOCK_CAPTURE_AUTORELEASING = YES;
				CLANG_WARN_BOOL_CONVERSION = YES;
				CLANG_WARN_COMMA = YES;
				CLANG_WARN_CONSTANT_CONVERSION = YES;
				CLANG_WARN_DIRECT_OBJC_ISA_USAGE = YES_ERROR;
				CLANG_WARN_DOCUMENTATION_COMMENTS = YES;
				CLANG_WARN_EMPTY_BODY = YES;
				CLANG_WARN_ENUM_CONVERSION = YES;
				CLANG_WARN_INFINITE_RECURSION = YES;
				CLANG_WARN_INT_CONVERSION = YES;
				CLANG_WARN_NON_LITERAL_NULL_CONVERSION = YES;
				CLANG_WARN_OBJC_LITERAL_CONVERSION = YES;
				CLANG_WARN_OBJC_ROOT_CLASS = YES_ERROR;
				CLANG_WARN_RANGE_LOOP_ANALYSIS = YES;
				CLANG_WARN_STRICT_PROTOTYPES = YES;
				CLANG_WARN_SUSPICIOUS_MOVE = YES;
				CLANG_WARN_UNGUARDED_AVAILABILITY = YES_AGGRESSIVE;
				CLANG_WARN_UNREACHABLE_CODE = YES;
				CLANG_WARN__DUPLICATE_METHOD_MATCH = YES;
				CODE_SIGN_IDENTITY = "iPhone Developer";
				COPY_PHASE_STRIP = NO;
				DEBUG_INFORMATION_FORMAT = dwarf;
				ENABLE_STRICT_OBJC_MSGSEND = YES;
				ENABLE_TESTABILITY = YES;
				GCC_C_LANGUAGE_STANDARD = gnu11;
				GCC_DYNAMIC_NO_PIC = NO;
				GCC_NO_COMMON_BLOCKS = YES;
				GCC_OPTIMIZATION_LEVEL = 0;
				GCC_PREPROCESSOR_DEFINITIONS = (
					"DEBUG=1",
					"$(inherited)",
				);
				GCC_WARN_64_TO_32_BIT_CONVERSION = YES;
				GCC_WARN_ABOUT_RETURN_TYPE = YES_ERROR;
				GCC_WARN_UNDECLARED_SELECTOR = YES;
				GCC_WARN_UNINITIALIZED_AUTOS = YES_AGGRESSIVE;
				GCC_WARN_UNUSED_FUNCTION = YES;
				GCC_WARN_UNUSED_VARIABLE = YES;
				IPHONEOS_DEPLOYMENT_TARGET = 11.0;
				MTL_ENABLE_DEBUG_INFO = YES;
				ONLY_ACTIVE_ARCH = YES;
				SDKROOT = iphoneos;
				SWIFT_ACTIVE_COMPILATION_CONDITIONS = DEBUG;
				SWIFT_OPTIMIZATION_LEVEL = "-Onone";
			};
			name = Debug;
		};
		7FA4A35C1F8E365B003EC668 /* Release */ = {
			isa = XCBuildConfiguration;
			buildSettings = {
				ALWAYS_SEARCH_USER_PATHS = NO;
				CLANG_ANALYZER_NONNULL = YES;
				CLANG_ANALYZER_NUMBER_OBJECT_CONVERSION = YES_AGGRESSIVE;
				CLANG_CXX_LANGUAGE_STANDARD = "gnu++14";
				CLANG_CXX_LIBRARY = "libc++";
				CLANG_ENABLE_MODULES = YES;
				CLANG_ENABLE_OBJC_ARC = YES;
				CLANG_WARN_BLOCK_CAPTURE_AUTORELEASING = YES;
				CLANG_WARN_BOOL_CONVERSION = YES;
				CLANG_WARN_COMMA = YES;
				CLANG_WARN_CONSTANT_CONVERSION = YES;
				CLANG_WARN_DIRECT_OBJC_ISA_USAGE = YES_ERROR;
				CLANG_WARN_DOCUMENTATION_COMMENTS = YES;
				CLANG_WARN_EMPTY_BODY = YES;
				CLANG_WARN_ENUM_CONVERSION = YES;
				CLANG_WARN_INFINITE_RECURSION = YES;
				CLANG_WARN_INT_CONVERSION = YES;
				CLANG_WARN_NON_LITERAL_NULL_CONVERSION = YES;
				CLANG_WARN_OBJC_LITERAL_CONVERSION = YES;
				CLANG_WARN_OBJC_ROOT_CLASS = YES_ERROR;
				CLANG_WARN_RANGE_LOOP_ANALYSIS = YES;
				CLANG_WARN_STRICT_PROTOTYPES = YES;
				CLANG_WARN_SUSPICIOUS_MOVE = YES;
				CLANG_WARN_UNGUARDED_AVAILABILITY = YES_AGGRESSIVE;
				CLANG_WARN_UNREACHABLE_CODE = YES;
				CLANG_WARN__DUPLICATE_METHOD_MATCH = YES;
				CODE_SIGN_IDENTITY = "iPhone Developer";
				COPY_PHASE_STRIP = NO;
				DEBUG_INFORMATION_FORMAT = "dwarf-with-dsym";
				ENABLE_NS_ASSERTIONS = NO;
				ENABLE_STRICT_OBJC_MSGSEND = YES;
				GCC_C_LANGUAGE_STANDARD = gnu11;
				GCC_NO_COMMON_BLOCKS = YES;
				GCC_WARN_64_TO_32_BIT_CONVERSION = YES;
				GCC_WARN_ABOUT_RETURN_TYPE = YES_ERROR;
				GCC_WARN_UNDECLARED_SELECTOR = YES;
				GCC_WARN_UNINITIALIZED_AUTOS = YES_AGGRESSIVE;
				GCC_WARN_UNUSED_FUNCTION = YES;
				GCC_WARN_UNUSED_VARIABLE = YES;
				IPHONEOS_DEPLOYMENT_TARGET = 11.0;
				MTL_ENABLE_DEBUG_INFO = NO;
				SDKROOT = iphoneos;
				SWIFT_OPTIMIZATION_LEVEL = "-Owholemodule";
				VALIDATE_PRODUCT = YES;
			};
			name = Release;
		};
		7FA4A35E1F8E365B003EC668 /* Debug */ = {
			isa = XCBuildConfiguration;
			baseConfigurationReference = 7686BA1E3789C9A64181B12C /* Pods-NibleSoftTask.debug.xcconfig */;
			buildSettings = {
				ASSETCATALOG_COMPILER_APPICON_NAME = AppIcon;
				ASSETCATALOG_COMPILER_LAUNCHIMAGE_NAME = LaunchImage;
				CODE_SIGN_STYLE = Automatic;
				DEVELOPMENT_TEAM = 2GS2YW77K7;
				INFOPLIST_FILE = NibleSoftTask/Info.plist;
				LD_RUNPATH_SEARCH_PATHS = "$(inherited) @executable_path/Frameworks";
				PRODUCT_BUNDLE_IDENTIFIER = com.NibleSoftTask;
				PRODUCT_NAME = "$(TARGET_NAME)";
				SWIFT_VERSION = 4.0;
				TARGETED_DEVICE_FAMILY = "1,2";
			};
			name = Debug;
		};
		7FA4A35F1F8E365B003EC668 /* Release */ = {
			isa = XCBuildConfiguration;
			baseConfigurationReference = 13D9242499647DBBBB758026 /* Pods-NibleSoftTask.release.xcconfig */;
			buildSettings = {
				ASSETCATALOG_COMPILER_APPICON_NAME = AppIcon;
				ASSETCATALOG_COMPILER_LAUNCHIMAGE_NAME = LaunchImage;
				CODE_SIGN_STYLE = Automatic;
				DEVELOPMENT_TEAM = 2GS2YW77K7;
				INFOPLIST_FILE = NibleSoftTask/Info.plist;
				LD_RUNPATH_SEARCH_PATHS = "$(inherited) @executable_path/Frameworks";
				PRODUCT_BUNDLE_IDENTIFIER = com.NibleSoftTask;
				PRODUCT_NAME = "$(TARGET_NAME)";
				SWIFT_VERSION = 4.0;
				TARGETED_DEVICE_FAMILY = "1,2";
			};
			name = Release;
		};
/* End XCBuildConfiguration section */

/* Begin XCConfigurationList section */
		7FA4A3461F8E365B003EC668 /* Build configuration list for PBXProject "NibleSoftTask" */ = {
			isa = XCConfigurationList;
			buildConfigurations = (
				7FA4A35B1F8E365B003EC668 /* Debug */,
				7FA4A35C1F8E365B003EC668 /* Release */,
			);
			defaultConfigurationIsVisible = 0;
			defaultConfigurationName = Release;
		};
		7FA4A35D1F8E365B003EC668 /* Build configuration list for PBXNativeTarget "NibleSoftTask" */ = {
			isa = XCConfigurationList;
			buildConfigurations = (
				7FA4A35E1F8E365B003EC668 /* Debug */,
				7FA4A35F1F8E365B003EC668 /* Release */,
			);
			defaultConfigurationIsVisible = 0;
			defaultConfigurationName = Release;
		};
/* End XCConfigurationList section */
	};
	rootObject = 7FA4A3431F8E365B003EC668 /* Project object */;
}
